
Microsoft Visual Studio Solution File, Format Version 12.00
Project("{FAE04EC0-301F-11D3-BF4B-00C04F79EFBC}") = "DataBase", "DataBase\DataBase.csproj", "{EEC5DBDB-884F-48F6-A7CD-62B1910F90B2}"
EndProject
Project("{FAE04EC0-301F-11D3-BF4B-00C04F79EFBC}") = "UIA", "UIA\UIA.csproj", "{1924EA70-B8AE-4B4A-878F-2F5E3D719296}"
EndProject
Project("{FAE04EC0-301F-11D3-BF4B-00C04F79EFBC}") = "Business", "Business\Business.csproj", "{DCE5A7CE-B75C-4F04-92E5-8CC169ADD273}"
EndProject
Global
	GlobalSection(SolutionConfigurationPlatforms) = preSolution
		Debug|Any CPU = Debug|Any CPU
		Release|Any CPU = Release|Any CPU
	EndGlobalSection
	GlobalSection(ProjectConfigurationPlatforms) = postSolution
		{EEC5DBDB-884F-48F6-A7CD-62B1910F90B2}.Debug|Any CPU.ActiveCfg = Debug|Any CPU
		{EEC5DBDB-884F-48F6-A7CD-62B1910F90B2}.Debug|Any CPU.Build.0 = Debug|Any CPU
		{EEC5DBDB-884F-48F6-A7CD-62B1910F90B2}.Release|Any CPU.ActiveCfg = Release|Any CPU
		{EEC5DBDB-884F-48F6-A7CD-62B1910F90B2}.Release|Any CPU.Build.0 = Release|Any CPU
		{1924EA70-B8AE-4B4A-878F-2F5E3D719296}.Debug|Any CPU.ActiveCfg = Debug|Any CPU
		{1924EA70-B8AE-4B4A-878F-2F5E3D719296}.Debug|Any CPU.Build.0 = Debug|Any CPU
		{1924EA70-B8AE-4B4A-878F-2F5E3D719296}.Release|Any CPU.ActiveCfg = Release|Any CPU
		{1924EA70-B8AE-4B4A-878F-2F5E3D719296}.Release|Any CPU.Build.0 = Release|Any CPU
		{DCE5A7CE-B75C-4F04-92E5-8CC169ADD273}.Debug|Any CPU.ActiveCfg = Debug|Any CPU
		{DCE5A7CE-B75C-4F04-92E5-8CC169ADD273}.Debug|Any CPU.Build.0 = Debug|Any CPU
		{DCE5A7CE-B75C-4F04-92E5-8CC169ADD273}.Release|Any CPU.ActiveCfg = Release|Any CPU
		{DCE5A7CE-B75C-4F04-92E5-8CC169ADD273}.Release|Any CPU.Build.0 = Release|Any CPU
	EndGlobalSection
EndGlobal
